
Microsoft Visual Studio Solution File, Format Version 12.00
# Visual Studio Version 17
VisualStudioVersion = 17.8.34330.188
MinimumVisualStudioVersion = 10.0.40219.1
Project("{9A19103F-16F7-4668-BE54-9A1E7A4F7556}") = "DemoApp", "DemoApp\DemoApp.csproj", "{26CB15EB-BDCE-4FF1-9E34-DEEFEE7E42C7}"
EndProject
Project("{9A19103F-16F7-4668-BE54-9A1E7A4F7556}") = "Contracts", "Contracts\Contracts.csproj", "{BE42D75A-549D-473B-8272-78D23E10E5CD}"
EndProject
Project("{9A19103F-16F7-4668-BE54-9A1E7A4F7556}") = "HelloModule", "HelloModule\HelloModule.csproj", "{39A680DA-8D0B-4442-8572-DA29D7EC891E}"
EndProject
Project("{9A19103F-16F7-4668-BE54-9A1E7A4F7556}") = "CefSharpModule", "CefSharpModule\CefSharpModule.csproj", "{EA2139F5-2BC3-4915-A360-7FB5D1B6D013}"
EndProject
Global
	GlobalSection(SolutionConfigurationPlatforms) = preSolution
		Debug|Any CPU = Debug|Any CPU
		Debug|x64 = Debug|x64
		Release|Any CPU = Release|Any CPU
		Release|x64 = Release|x64
	EndGlobalSection
	GlobalSection(ProjectConfigurationPlatforms) = postSolution
		{26CB15EB-BDCE-4FF1-9E34-DEEFEE7E42C7}.Debug|Any CPU.ActiveCfg = Debug|Any CPU
		{26CB15EB-BDCE-4FF1-9E34-DEEFEE7E42C7}.Debug|Any CPU.Build.0 = Debug|Any CPU
		{26CB15EB-BDCE-4FF1-9E34-DEEFEE7E42C7}.Debug|x64.ActiveCfg = Debug|x64
		{26CB15EB-BDCE-4FF1-9E34-DEEFEE7E42C7}.Debug|x64.Build.0 = Debug|x64
		{26CB15EB-BDCE-4FF1-9E34-DEEFEE7E42C7}.Release|Any CPU.ActiveCfg = Release|Any CPU
		{26CB15EB-BDCE-4FF1-9E34-DEEFEE7E42C7}.Release|Any CPU.Build.0 = Release|Any CPU
		{26CB15EB-BDCE-4FF1-9E34-DEEFEE7E42C7}.Release|x64.ActiveCfg = Release|x64
		{26CB15EB-BDCE-4FF1-9E34-DEEFEE7E42C7}.Release|x64.Build.0 = Release|x64
		{BE42D75A-549D-473B-8272-78D23E10E5CD}.Debug|Any CPU.ActiveCfg = Debug|Any CPU
		{BE42D75A-549D-473B-8272-78D23E10E5CD}.Debug|Any CPU.Build.0 = Debug|Any CPU
		{BE42D75A-549D-473B-8272-78D23E10E5CD}.Debug|x64.ActiveCfg = Debug|x64
		{BE42D75A-549D-473B-8272-78D23E10E5CD}.Debug|x64.Build.0 = Debug|x64
		{BE42D75A-549D-473B-8272-78D23E10E5CD}.Release|Any CPU.ActiveCfg = Release|Any CPU
		{BE42D75A-549D-473B-8272-78D23E10E5CD}.Release|Any CPU.Build.0 = Release|Any CPU
		{BE42D75A-549D-473B-8272-78D23E10E5CD}.Release|x64.ActiveCfg = Release|x64
		{BE42D75A-549D-473B-8272-78D23E10E5CD}.Release|x64.Build.0 = Release|x64
		{39A680DA-8D0B-4442-8572-DA29D7EC891E}.Debug|Any CPU.ActiveCfg = Debug|Any CPU
		{39A680DA-8D0B-4442-8572-DA29D7EC891E}.Debug|Any CPU.Build.0 = Debug|Any CPU
		{39A680DA-8D0B-4442-8572-DA29D7EC891E}.Debug|x64.ActiveCfg = Debug|x64
		{39A680DA-8D0B-4442-8572-DA29D7EC891E}.Debug|x64.Build.0 = Debug|x64
		{39A680DA-8D0B-4442-8572-DA29D7EC891E}.Release|Any CPU.ActiveCfg = Release|Any CPU
		{39A680DA-8D0B-4442-8572-DA29D7EC891E}.Release|Any CPU.Build.0 = Release|Any CPU
		{39A680DA-8D0B-4442-8572-DA29D7EC891E}.Release|x64.ActiveCfg = Release|x64
		{39A680DA-8D0B-4442-8572-DA29D7EC891E}.Release|x64.Build.0 = Release|x64
		{EA2139F5-2BC3-4915-A360-7FB5D1B6D013}.Debug|Any CPU.ActiveCfg = Debug|Any CPU
		{EA2139F5-2BC3-4915-A360-7FB5D1B6D013}.Debug|Any CPU.Build.0 = Debug|Any CPU
		{EA2139F5-2BC3-4915-A360-7FB5D1B6D013}.Debug|x64.ActiveCfg = Debug|Any CPU
		{EA2139F5-2BC3-4915-A360-7FB5D1B6D013}.Debug|x64.Build.0 = Debug|Any CPU
		{EA2139F5-2BC3-4915-A360-7FB5D1B6D013}.Release|Any CPU.ActiveCfg = Release|Any CPU
		{EA2139F5-2BC3-4915-A360-7FB5D1B6D013}.Release|Any CPU.Build.0 = Release|Any CPU
		{EA2139F5-2BC3-4915-A360-7FB5D1B6D013}.Release|x64.ActiveCfg = Release|Any CPU
		{EA2139F5-2BC3-4915-A360-7FB5D1B6D013}.Release|x64.Build.0 = Release|Any CPU
	EndGlobalSection
	GlobalSection(SolutionProperties) = preSolution
		HideSolutionNode = FALSE
	EndGlobalSection
	GlobalSection(ExtensibilityGlobals) = postSolution
		SolutionGuid = {19F299D6-B927-4EC2-A982-2A7EAC82F8C3}
	EndGlobalSection
EndGlobal
